{
  "name": "bs-cudf",
  "version": "1.0.0",
  "lockfileVersion": 1,
  "requires": true,
  "dependencies": {
    "bs-extlib": {
      "version": "git://github.com/esy-ocaml/bs-extlib.git#07a009226e0037da0c3410ace552627e2c480a53"
    },
    "bs-platform": {
      "version": "1.8.2",
      "resolved": "https://registry.npmjs.org/bs-platform/-/bs-platform-1.8.2.tgz",
      "integrity": "sha1-Kroc/HPiH+qokC1ntd2+yXWThVQ=",
      "dev": true
    }
  }
}
